
Microsoft Visual Studio Solution File, Format Version 12.00
# Visual Studio Version 16
VisualStudioVersion = 25.0.1705.4
MinimumVisualStudioVersion = 10.0.40219.1
Project("{FAE04EC0-301F-11D3-BF4B-00C04F79EFBC}") = "authentication", "authentication\authentication.csproj", "{E3783297-83A7-40FF-B8EB-9FB478A3C9AD}"
EndProject
Global
	GlobalSection(SolutionConfigurationPlatforms) = preSolution
		Debug|Any CPU = Debug|Any CPU
		Release|Any CPU = Release|Any CPU
	EndGlobalSection
	GlobalSection(ProjectConfigurationPlatforms) = postSolution
		{E3783297-83A7-40FF-B8EB-9FB478A3C9AD}.Debug|Any CPU.ActiveCfg = Debug|Any CPU
		{E3783297-83A7-40FF-B8EB-9FB478A3C9AD}.Debug|Any CPU.Build.0 = Debug|Any CPU
		{E3783297-83A7-40FF-B8EB-9FB478A3C9AD}.Release|Any CPU.ActiveCfg = Release|Any CPU
		{E3783297-83A7-40FF-B8EB-9FB478A3C9AD}.Release|Any CPU.Build.0 = Release|Any CPU
	EndGlobalSection
	GlobalSection(SolutionProperties) = preSolution
		HideSolutionNode = FALSE
	EndGlobalSection
	GlobalSection(ExtensibilityGlobals) = postSolution
		SolutionGuid = {12EF39CF-9AF4-43D3-A5A7-654E0119F940}
	EndGlobalSection
EndGlobal
